
Microsoft Visual Studio Solution File, Format Version 12.00
# Visual Studio 2013
VisualStudioVersion = 12.0.31101.0
MinimumVisualStudioVersion = 10.0.40219.1
Project("{FAE04EC0-301F-11D3-BF4B-00C04F79EFBC}") = "03-Variables", "03-Variables\03-Variables.csproj", "{380A903C-DDD8-41AC-A0E9-334F1EC76026}"
EndProject
Global
	GlobalSection(SolutionConfigurationPlatforms) = preSolution
		Debug|Any CPU = Debug|Any CPU
		Release|Any CPU = Release|Any CPU
	EndGlobalSection
	GlobalSection(ProjectConfigurationPlatforms) = postSolution
		{380A903C-DDD8-41AC-A0E9-334F1EC76026}.Debug|Any CPU.ActiveCfg = Debug|Any CPU
		{380A903C-DDD8-41AC-A0E9-334F1EC76026}.Debug|Any CPU.Build.0 = Debug|Any CPU
		{380A903C-DDD8-41AC-A0E9-334F1EC76026}.Release|Any CPU.ActiveCfg = Release|Any CPU
		{380A903C-DDD8-41AC-A0E9-334F1EC76026}.Release|Any CPU.Build.0 = Release|Any CPU
	EndGlobalSection
	GlobalSection(SolutionProperties) = preSolution
		HideSolutionNode = FALSE
	EndGlobalSection
EndGlobal
